{
  "lockfileVersion": 1,
  "configVersion": 0,
  "workspaces": {
    "": {
      "name": "eventsource",
      "dependencies": {
        "eventsource-parser": "^4.0.0",
      },
      "devDependencies": {
        "@changesets/changelog-github": "^1.0.0",
        "@changesets/cli": "^3.0.0",
        "@tsconfig/strictest": "^2.0.8",
        "@types/node": "^22.19.19",
        "@types/sinon": "^21.0.1",
        "esbuild": "^0.28.0",
        "eventsource-encoder": "^1.0.2",
        "oxfmt": "^0.52.0",
        "oxlint": "^1.67.0",
        "playwright": "^1.60.0",
        "sinon": "^22.0.0",
        "typescript": "^7.0.0",
        "undici": "^7.0.0",
      },
    },
  },
  "packages": {
    "@changesets/apply-release-plan": ["@changesets/apply-release-plan@8.0.0", "", { "dependencies": { "@changesets/config": "^4.0.0", "@changesets/format": "^0.1.1", "@changesets/git": "^4.0.0", "@changesets/should-skip-package": "^1.0.0", "@changesets/types": "^7.0.0", "import-meta-resolve": "^4.2.0", "jsonc-parser": "^3.3.1", "semver": "^7.8.1" } }, "sha512-kUd2pbf1w5/AYmBMb0Tt+rkIPCjFJdT0SZMrkOjJT/WV/QbtmvkyB5jkV0oaNPheavprZk+SfUiozUti7TIL2w=="],

    "@changesets/assemble-release-plan": ["@changesets/assemble-release-plan@7.0.0", "", { "dependencies": { "@changesets/errors": "^1.0.0", "@changesets/get-dependents-graph": "^3.0.0", "@changesets/should-skip-package": "^1.0.0", "@changesets/types": "^7.0.0", "semver": "^7.8.1" } }, "sha512-oEW8BxdA604kGGtDSCiHr5w9Tv4UWe9I2k61IBNZzCOE1kbYaJj4v+lFQNgcEZFkUc2pV/+hASErGDvpJOZCTg=="],

    "@changesets/changelog-git": ["@changesets/changelog-git@1.0.0", "", { "dependencies": { "@changesets/types": "^7.0.0" } }, "sha512-3Dst2Ime2Op5nd4XmWJLPIgp11ZFqJqSkVug9izK6TDcIV4YlhPS4ECbEVR+eGI0bk0r1ItogD4j2Oli87bJrA=="],

    "@changesets/changelog-github": ["@changesets/changelog-github@1.0.0", "", { "dependencies": { "@changesets/get-github-info": "^1.0.0", "@changesets/types": "^7.0.0" } }, "sha512-PNCSH5CGJrqOKxRjrMp2NLhceQv2QBs6HkjrLvYQqsEE2/ItN5R8GD/mskZZluoNWYvjPYFsY9T6swXfp5E0UA=="],

    "@changesets/cli": ["@changesets/cli@3.0.0", "", { "dependencies": { "@changesets/apply-release-plan": "^8.0.0", "@changesets/assemble-release-plan": "^7.0.0", "@changesets/changelog-git": "^1.0.0", "@changesets/config": "^4.0.0", "@changesets/errors": "^1.0.0", "@changesets/get-dependents-graph": "^3.0.0", "@changesets/git": "^4.0.0", "@changesets/pre": "^3.0.0", "@changesets/read": "^1.0.0", "@changesets/should-skip-package": "^1.0.0", "@changesets/types": "^7.0.0", "@changesets/write": "^1.0.0", "@clack/prompts": "^1.7.0", "@manypkg/get-packages": "^3.1.0", "@pnpm/deps.graph-sequencer": "^1100.0.1", "cac": "^7.0.0", "import-meta-resolve": "^4.2.0", "launch-editor": "^2.14.1", "package-manager-detector": "^1.6.0", "semver": "^7.8.1", "tinyexec": "^1.3.0" }, "bin": { "changeset": "bin.js" } }, "sha512-V7Gm+GP5OT3mJinMI2YcJD/JyO/a4WChnaMCCzTRhWHgu1zhtsyY7zCjP6n5W6zsgSjJKs+yPmvtREvE0F2g8A=="],

    "@changesets/config": ["@changesets/config@4.0.0", "", { "dependencies": { "@changesets/get-dependents-graph": "^3.0.0", "@changesets/should-skip-package": "^1.0.0", "@changesets/types": "^7.0.0", "@manypkg/get-packages": "^3.1.0", "picomatch": "^4.0.4" } }, "sha512-mw95/YrkOuhZZxfnVAA4bSXOFUi+KlhzOBTM8C4x777NhUU6HWIl9Z+K+nME+E4PVsv5NQVQwTfiHihAS1A/ow=="],

    "@changesets/errors": ["@changesets/errors@1.0.0", "", {}, "sha512-ElN/mEzn6zmETgjwf5MclCMa9ef59sAR0lfO8VSYIsiRvbC2FbLB/92EoYw10Sl0kGixxHFiJZUSv7dA+YpR8g=="],

    "@changesets/format": ["@changesets/format@0.1.1", "", { "dependencies": { "package-manager-detector": "^1.6.0", "tinyexec": "^1.2.4" } }, "sha512-OBN/xfe+lcNWCv8P4Ogop9EOTi5QRKd1c2JJfZRBT9AT3AybzDYDfHeX4Y7j20Q4e16BPu3XvcdOe9sPZmTEig=="],

    "@changesets/get-dependents-graph": ["@changesets/get-dependents-graph@3.0.0", "", { "dependencies": { "@changesets/types": "^7.0.0", "semver": "^7.8.1" } }, "sha512-ji/t5wFA1zREKXRUePE6Qi+Qu2UgxCeSSGQrphezwvQZrp49B7sJ+8+wvM0tA7zPeSxYKCojDy3WWgrl+s+awg=="],

    "@changesets/get-github-info": ["@changesets/get-github-info@1.0.0", "", { "dependencies": { "dataloader": "^2.2.3" } }, "sha512-nf5zPSqEKW0eXiJ4ltbjyIQ/srUHfxbghkLCjKdOLI3LehKXhiqxXcpja39eGPaj6qqGx2lFCrLJ7VWYUf9H2w=="],

    "@changesets/git": ["@changesets/git@4.0.0", "", { "dependencies": { "@changesets/errors": "^1.0.0", "@changesets/types": "^7.0.0", "@manypkg/get-packages": "^3.1.0", "picomatch": "^4.0.4", "tinyexec": "^1.3.0" } }, "sha512-uIEswpPUgzBBqrC0qg13byNaPorzhf05LE2T+gRizEKCXvMsJC6NPJp5iNDSV/gYj4Viqh09UiOF5E7XWeH5lQ=="],

    "@changesets/parse": ["@changesets/parse@1.0.0", "", { "dependencies": { "@changesets/types": "^7.0.0", "yaml": "^2.9.0" } }, "sha512-P0iaMb9p9CRYZiTgAllEIF9AUMQHIy1G72tKlcIqJp61icZSsKQNiOPdxAMZG8m/DvZwt/oz5xEbTpike//dWg=="],

    "@changesets/pre": ["@changesets/pre@3.0.0", "", { "dependencies": { "@changesets/errors": "^1.0.0", "@changesets/types": "^7.0.0", "@manypkg/get-packages": "^3.1.0" } }, "sha512-Zm/6YliV/a2oeWTqHJf6KxLrQwgcK1i/BRDl2m0EKZvbnxV5fG9QRhwJJGshjsZTUTS6dkfURQ2K6aAvgNw/3Q=="],

    "@changesets/read": ["@changesets/read@1.0.0", "", { "dependencies": { "@changesets/git": "^4.0.0", "@changesets/parse": "^1.0.0", "@changesets/types": "^7.0.0" } }, "sha512-8TdE2PwG6yArPt5Ozej83Z6iHz1G8BDBKvIEKZ455MccR4K3GNbLR2XqjBxa+5yLFnEd3xAOPXYboBg1pt8stQ=="],

    "@changesets/should-skip-package": ["@changesets/should-skip-package@1.0.0", "", { "dependencies": { "@changesets/types": "^7.0.0" } }, "sha512-pwqoJmbONn1XgXmZXPEExgAaT+HdZLjALFTDgIm+PnS5KeO2nLtzA2/Q+4aMFY14kFMuXKG30MObhvDzWgzDgg=="],

    "@changesets/types": ["@changesets/types@7.0.0", "", {}, "sha512-c5GoiQyt3pxiXjrWSNoP8/GRf4kG+VnKzovx1OQM8dYYALlSwgedmkPmJ+ZqGxqwg9D3Bkj85Uo4KLd5BN3A0w=="],

    "@changesets/write": ["@changesets/write@1.0.0", "", { "dependencies": { "@changesets/format": "^0.1.1", "@changesets/types": "^7.0.0", "human-id": "^4.2.0" } }, "sha512-xCK3/4C7Z7muQB/wguE6HcbjtY9iOtaK9orZKE+7xi573cMGD8rLZz7qlo6IvK7s+SIUIKajzj1l+F1QuP97tw=="],

    "@clack/core": ["@clack/core@1.4.3", "", { "dependencies": { "fast-wrap-ansi": "^0.2.0", "sisteransi": "^1.0.5" } }, "sha512-/kr3UWNtdJfxZtPgDqUOmG2pvwlmcLGheex5yiZKdwbzZJxhV+HMNR9QNmyY5cGwTNV6LrR7Jtp+KjhUAP1qBQ=="],

    "@clack/prompts": ["@clack/prompts@1.7.0", "", { "dependencies": { "@clack/core": "1.4.3", "fast-string-width": "^3.0.2", "fast-wrap-ansi": "^0.2.0", "sisteransi": "^1.0.5" } }, "sha512-y7/yvZ2TPAnR9+jnc00klvNNLkJiXFFrQA/hlLCcxA9a2A4zQIOimyFQ9XfwYKiGD1fb5GY8vbKIIgO8d5Tb2A=="],

    "@esbuild/aix-ppc64": ["@esbuild/aix-ppc64@0.28.2", "", { "os": "aix", "cpu": "ppc64" }, "sha512-XExcO+dvLKvVtNTibSTBej1NCAbaGhWn9Ww1ZPx80qsahhPFe/8jgWP0IchNe0F3HwkU7n8ejhH8bjonqht8mQ=="],

    "@esbuild/android-arm": ["@esbuild/android-arm@0.28.2", "", { "os": "android", "cpu": "arm" }, "sha512-kXXoiPVVGQcnIYGOeaovwOURpniDBpSq4A03qkQ+BMQqtGG6HYap3xne9C1O1yo4TR3qxlCX5IqqmX6fFo2Lqg=="],

    "@esbuild/android-arm64": ["@esbuild/android-arm64@0.28.2", "", { "os": "android", "cpu": "arm64" }, "sha512-5YfKeeI8qWfBZIX+u2xZC3Zlb3Os/gLS2sbEKM+I4ZOcsWmHS2WLysCcQZDAFRslDUU5Oiq44gf6PYN1vGwG5A=="],

    "@esbuild/android-x64": ["@esbuild/android-x64@0.28.2", "", { "os": "android", "cpu": "x64" }, "sha512-O387ite7SzUyCcy3JQX4P4bLtEA7bLLkx+esve5JHnyYfNTxcVpXZo9jhdB0lTKN44gztELTdU7nS8Nr16Fs1Q=="],

    "@esbuild/darwin-arm64": ["@esbuild/darwin-arm64@0.28.2", "", { "os": "darwin", "cpu": "arm64" }, "sha512-n4KqkOQrraxHJcgjM1RvwbigfQKIKJVpM7xp+KsxiyUSrRdIXnt73VhrPAx0fV44hgfmIVKjxMN9J1t5jySVkw=="],

    "@esbuild/darwin-x64": ["@esbuild/darwin-x64@0.28.2", "", { "os": "darwin", "cpu": "x64" }, "sha512-uq6suIWYP37qzGddBKPw5QEQPi6HiLGsO7UmkpfyaYNQ3D+rN6w6WfwH+nuqcGXWvawGwxOEroO4YGnFh95azw=="],

    "@esbuild/freebsd-arm64": ["@esbuild/freebsd-arm64@0.28.2", "", { "os": "freebsd", "cpu": "arm64" }, "sha512-n+I0BTSRIoy+d6RPKnEVwql5UwBJolytvY4mAOIEJorKlqgPII8ix6slVVrfZ5Tnj7glIZvloylbB/EJPMWEXw=="],

    "@esbuild/freebsd-x64": ["@esbuild/freebsd-x64@0.28.2", "", { "os": "freebsd", "cpu": "x64" }, "sha512-78XJTJkvPs0kz2w61301PJjXl4g7q3JqiYMZ/M/yVI73EHBrCRTgkhu9oqG7vPqq+a/yadEW8aD+agKlk5xrmg=="],

    "@esbuild/linux-arm": ["@esbuild/linux-arm@0.28.2", "", { "os": "linux", "cpu": "arm" }, "sha512-XlDnu2q5yoqems+xay6wSAcg9DDD7K9RLKZEBOMZm3ckNpJBvOX20tSfby8KfrrhINDyv9V2YVZKY/SpoGJI8w=="],

    "@esbuild/linux-arm64": ["@esbuild/linux-arm64@0.28.2", "", { "os": "linux", "cpu": "arm64" }, "sha512-pW4AC0P3it8c7do9MVM4p51FzHzdM/TZrerurgRcHJ2WTa1VQ1CIq18xncfpBJw4ojkiZZrKW2yIBWBP92j6Ug=="],

    "@esbuild/linux-ia32": ["@esbuild/linux-ia32@0.28.2", "", { "os": "linux", "cpu": "ia32" }, "sha512-CYbnj78HsIeA+DhgUKgFCfvNsTHFhMMrinUrMZpDXJXKN8T3XViTZ/+wtHeVxEWY8ewSzTFN+nRmSwO2tZaLUQ=="],

    "@esbuild/linux-loong64": ["@esbuild/linux-loong64@0.28.2", "", { "os": "linux", "cpu": "none" }, "sha512-buwkd8nsph4R+ajRvw0qM5Hja/TXQow3ptzWO2EbG/cqcIkHloRrdlBtQlshyYGTNFvfkfJ5tpPLVkY4DtsPfQ=="],

    "@esbuild/linux-mips64el": ["@esbuild/linux-mips64el@0.28.2", "", { "os": "linux", "cpu": "none" }, "sha512-ZVykbDyk7519VwiNb9Lcj9m8XM6v5V9uKPvrEMkkEedVewf+0itkhahp4HDpgERXhwLRpWFypsGbG/J8s0QjJA=="],

    "@esbuild/linux-ppc64": ["@esbuild/linux-ppc64@0.28.2", "", { "os": "linux", "cpu": "ppc64" }, "sha512-CAXl+Dtd9UUuJd8pKKdwh6MLm3MUMiqMPmhZ3tTSXPqfyQ3vDl6R5hZdZ/kYojK4ofXtdfSv1tFq8XzWx3heNQ=="],

    "@esbuild/linux-riscv64": ["@esbuild/linux-riscv64@0.28.2", "", { "os": "linux", "cpu": "none" }, "sha512-GeXCej4IQtU1B+QlDV8W/RRvbzI3O/Stss+/bCXv4lZls5WGRtu2a+3JkA3i4qIUlMXpcHebWpF8AkJhATowuA=="],

    "@esbuild/linux-s390x": ["@esbuild/linux-s390x@0.28.2", "", { "os": "linux", "cpu": "s390x" }, "sha512-3H1weTYZPxt/WOhByszQZybS9w5lKzUn1FDMsgEChbHWQwHYQQRfBxgCcZvPhjHfKyJjIievvMmEUawJrdY9Dg=="],

    "@esbuild/linux-x64": ["@esbuild/linux-x64@0.28.2", "", { "os": "linux", "cpu": "x64" }, "sha512-4xTZr1FUmSoQW4XIWmit3tzQrUTZM+N3P0XV8xROKYF50XfI7xeO90+1bZvNwxIufQ9hDQVRJH5YhgPVF8A/HQ=="],

    "@esbuild/netbsd-arm64": ["@esbuild/netbsd-arm64@0.28.2", "", { "os": "none", "cpu": "arm64" }, "sha512-sSATRjPeDBg3pdgHoQfoYBob11Kk1FGa9lui5RIHZCoCkJa9QKlvl3/vKz2usCmYYjs7ymJR/2Nnsqe+Hjt5nw=="],

    "@esbuild/netbsd-x64": ["@esbuild/netbsd-x64@0.28.2", "", { "os": "none", "cpu": "x64" }, "sha512-lqnzCV+mM0gIADaKihiCg6ifgfU2L3h5E33rNQBN1Y4MaVGnzryzmvvf7UHxprpQdE8hpqLolJ9Rl+SkIRDpyw=="],

    "@esbuild/openbsd-arm64": ["@esbuild/openbsd-arm64@0.28.2", "", { "os": "openbsd", "cpu": "arm64" }, "sha512-AL2qJILH7lNjrDmCQDvdxMfAUIv8KMNZOvrwAQ8i8//ntL9FflhOyMJ8OZSMBb8/AWXe3/5v5S20y3zCoZWKoQ=="],

    "@esbuild/openbsd-x64": ["@esbuild/openbsd-x64@0.28.2", "", { "os": "openbsd", "cpu": "x64" }, "sha512-QtiuPytchRyC4rwUKhexJdQKvDuZ6hWloi3igqPQNUJCS1/v9EiO3UTOXR6A3FoMo4fnAKbWJdqaIwhOzh8qEw=="],

    "@esbuild/openharmony-arm64": ["@esbuild/openharmony-arm64@0.28.2", "", { "os": "none", "cpu": "arm64" }, "sha512-WkhYDmpTjLvGlScA1rwjRUmhl4k8oXR3cIbtqWmELgU/dFeHHlEllxDvdWcNJV9rbzCexB5vz8gtNewWLgCT7Q=="],

    "@esbuild/sunos-x64": ["@esbuild/sunos-x64@0.28.2", "", { "os": "sunos", "cpu": "x64" }, "sha512-GPMSkTOtMnv2U2F8gxe4Io6qmVs+YKyp832Etqqxr0hFngmXQ3rzwytelm3GIn7T4VviRUlf3sOgBOiTdvaf7g=="],

    "@esbuild/win32-arm64": ["@esbuild/win32-arm64@0.28.2", "", { "os": "win32", "cpu": "arm64" }, "sha512-PIhhEkE9uPBleRBrQEJpUn7MBnibZzbGzYWPmY3x+YoVg/95zbjB4CxPPOQ8l5tYYM4mMaCthF8/1DIfBQQyWQ=="],

    "@esbuild/win32-ia32": ["@esbuild/win32-ia32@0.28.2", "", { "os": "win32", "cpu": "ia32" }, "sha512-YmJbfTlvU7Sdn9BB+4PRES4oB6pxgS37MAONj+hBr/cpXS1aBPKXxNnDbu+QCWPj0o9dgyxeq79g6c5P8KeuYA=="],

    "@esbuild/win32-x64": ["@esbuild/win32-x64@0.28.2", "", { "os": "win32", "cpu": "x64" }, "sha512-5ebpxr3nWMzrL/rnUI755Jkuee0bHL/Gq0WTF9lvcpv73wAp5eu8MfBUgWK9bhWvZjj7yX8etf/8tI8Ney695g=="],

    "@manypkg/find-root": ["@manypkg/find-root@3.1.0", "", { "dependencies": { "@manypkg/tools": "^2.1.0" } }, "sha512-BcSqCyKhBVZ5YkSzOiheMCV41kqAFptW6xGqYSTjkVTl9XQpr+pqHhwgGCOHQtjDCv7Is6EFyA14Sm5GVbVABA=="],

    "@manypkg/get-packages": ["@manypkg/get-packages@3.1.0", "", { "dependencies": { "@manypkg/find-root": "^3.1.0", "@manypkg/tools": "^2.1.0" } }, "sha512-0TbBVyvPrP7xGYBI/cP8UP+yl/z+HtbTttAD7FMAJgn/kXOTwh5/60TsqP9ZYY710forNfyV0N8P/IE/ujGZJg=="],

    "@manypkg/tools": ["@manypkg/tools@2.1.2", "", { "dependencies": { "jju": "^1.4.0", "tinyglobby": "^0.2.13", "yaml": "^2.9.0" } }, "sha512-6QEf6yqFbETdwGITKq57aYoPfX/3K8XFNwsAlx0C1M7o8cb79sv1M3w+tWuWvIcSbNqrLF7OD7YpZMVVz335hQ=="],

    "@oxfmt/binding-android-arm-eabi": ["@oxfmt/binding-android-arm-eabi@0.52.0", "", { "os": "android", "cpu": "arm" }, "sha512-17EMSJnQ9g+upVHrAUYDMfH5lvRKQ9Nvg8WtEoH72oDr1VpWz+7/o3tD97U1EToen2YAQ/68JmtDYkQUi20dfQ=="],

    "@oxfmt/binding-android-arm64": ["@oxfmt/binding-android-arm64@0.52.0", "", { "os": "android", "cpu": "arm64" }, "sha512-A2G1IdwGEW2lLJkIxcvuirRH1CzSl/e0NX11zTlW1gvxJThfwbI/BEoaKrTNpm7M2FchvIf6guvIQU7d5iz+OQ=="],

    "@oxfmt/binding-darwin-arm64": ["@oxfmt/binding-darwin-arm64@0.52.0", "", { "os": "darwin", "cpu": "arm64" }, "sha512-f9+bLvOYxy7NttCLFTvQ7afmqDOWY4wIP9xdvfj5trQ1qj6f2UFAGwZESlfsMjvJNTyRpXfIlOanCI9FOvoeQA=="],

    "@oxfmt/binding-darwin-x64": ["@oxfmt/binding-darwin-x64@0.52.0", "", { "os": "darwin", "cpu": "x64" }, "sha512-YSTB9sJ5nnQd/Q0ddHkgof0ZCHPAnWZT1IW2SJ8omz7CP7KluJhO1fNHrpqdxCtpztJwSs4hY1uAee35wKxxaw=="],

    "@oxfmt/binding-freebsd-x64": ["@oxfmt/binding-freebsd-x64@0.52.0", "", { "os": "freebsd", "cpu": "x64" }, "sha512-NIrRNTTPCs4UbmVs0bxLSCDlLCtIRMJIXklNKaXa5Oj2/K1UIMBvgE8+uPVo01Io3N9HF0+GAX+aAHjUgZS7vA=="],

    "@oxfmt/binding-linux-arm-gnueabihf": ["@oxfmt/binding-linux-arm-gnueabihf@0.52.0", "", { "os": "linux", "cpu": "arm" }, "sha512-JXUCde8mn3GpgQouz2PXUokgy/uT1QrRJBL2s983VWcSQp62wTFYiNXgTKdeo1Jgbr0IgUnKKvzIk/YBlj/nVQ=="],

    "@oxfmt/binding-linux-arm-musleabihf": ["@oxfmt/binding-linux-arm-musleabihf@0.52.0", "", { "os": "linux", "cpu": "arm" }, "sha512-psbUXaRZ+V8DaXz10Qf7LSHtdtdKAmC8fxXgeU608jjzrmWK4quamZMOpl6sf+dikoFHA85uE93Q0BqxrCdQrQ=="],

    "@oxfmt/binding-linux-arm64-gnu": ["@oxfmt/binding-linux-arm64-gnu@0.52.0", "", { "os": "linux", "cpu": "arm64" }, "sha512-Jw7MgWUU9lcLCcy82updISP3EthTlfvAwR6gWNxPzqly7+fLvOi2gHQE9xXQjpqaVLm/8P+gOzlv9ODuoVlaaw=="],

    "@oxfmt/binding-linux-arm64-musl": ["@oxfmt/binding-linux-arm64-musl@0.52.0", "", { "os": "linux", "cpu": "arm64" }, "sha512-wZg6bLjDvh2KibyI3QFUYo8GTXneIFsd0JvehtvJiUmQ8WRPERgxd/VM4ctWb86U5FT1FkqgS8/wZKVB+AZScg=="],

    "@oxfmt/binding-linux-ppc64-gnu": ["@oxfmt/binding-linux-ppc64-gnu@0.52.0", "", { "os": "linux", "cpu": "ppc64" }, "sha512-IngE8uxhNvxcMrLjZNDo9xNLY7rEK33AKnaMd2B46he1e/mz2CfcW6If/U1wUjdRZddm1QzQaciqZkuMkdh1FA=="],

    "@oxfmt/binding-linux-riscv64-gnu": ["@oxfmt/binding-linux-riscv64-gnu@0.52.0", "", { "os": "linux", "cpu": "none" }, "sha512-H3+DdFMv/efN3Efmhsv18jDrpiWWqKG7wsfAlQBqAt6z/E2Bx+TwEj2Nowe51CPOWB8/mFBC2dAMSgVFLvvowA=="],

    "@oxfmt/binding-linux-riscv64-musl": ["@oxfmt/binding-linux-riscv64-musl@0.52.0", "", { "os": "linux", "cpu": "none" }, "sha512-zji+1kb7lJKohSDjzC1IsS+K/cKRs1hdVf0ZH0VbdbiakmtLvN9twBoXo/k8VdjFax7kfo+DyPxS7vv52br1aw=="],

    "@oxfmt/binding-linux-s390x-gnu": ["@oxfmt/binding-linux-s390x-gnu@0.52.0", "", { "os": "linux", "cpu": "s390x" }, "sha512-hcLBYedpCy7ToUvvBidWk7+11Yhg1oAZ4+6hKPic/mQI6NaqXJSXMps5nFlwUuX2ewhtLZZDPg63TI042qGKBg=="],

    "@oxfmt/binding-linux-x64-gnu": ["@oxfmt/binding-linux-x64-gnu@0.52.0", "", { "os": "linux", "cpu": "x64" }, "sha512-IDO2loXK2OtTOhSPchU9MW25mWL2QCDGdJbjN8MXKZVS80qXe5gMTwQWu/gMJ3juoBHbkuUZNB2N1LHzNT7DoA=="],

    "@oxfmt/binding-linux-x64-musl": ["@oxfmt/binding-linux-x64-musl@0.52.0", "", { "os": "linux", "cpu": "x64" }, "sha512-mAV2Hjn0SatJ+KoAzKUC3eJhdJ8wv+3m1KyuS0dTsbF0c5weq+QrCt/DRZZM+uj/XiKzCDEUKYsBF30e2qkcyw=="],

    "@oxfmt/binding-openharmony-arm64": ["@oxfmt/binding-openharmony-arm64@0.52.0", "", { "os": "none", "cpu": "arm64" }, "sha512-vd4npaUIwChxp7XzkqmepBWTT9YMcSe/NBApVGPC30/lLyOVaV3dvma1SKo03t8O73BPRAG7EyJzGlN5cJM5hQ=="],

    "@oxfmt/binding-win32-arm64-msvc": ["@oxfmt/binding-win32-arm64-msvc@0.52.0", "", { "os": "win32", "cpu": "arm64" }, "sha512-k2sz6gWQdMfh5HPpIS+Bw/0UEV/kaK2xuqJRrWL233sEHx9WLlsmvlPFM4HUNThkYbSN0U0vPW7LVKZWDS8hPQ=="],

    "@oxfmt/binding-win32-ia32-msvc": ["@oxfmt/binding-win32-ia32-msvc@0.52.0", "", { "os": "win32", "cpu": "ia32" }, "sha512-rhke69GTcArodLHpjMTfNnvjTEBryDeZcUCKK/VjXDMtfTULl6QRh0ymX5/hbCUv2WjYm9h/QbW++q2vE15gWQ=="],

    "@oxfmt/binding-win32-x64-msvc": ["@oxfmt/binding-win32-x64-msvc@0.52.0", "", { "os": "win32", "cpu": "x64" }, "sha512-q5xL7oeXkZdEtNZWBdvehJcmt+GRu9l2bK40yJs1jJXlqq+r0Hygb1rTjq+FM2o/2xyt4cufH6KRplHp3Jjsvw=="],

    "@oxlint/binding-android-arm-eabi": ["@oxlint/binding-android-arm-eabi@1.78.0", "", { "os": "android", "cpu": "arm" }, "sha512-Bu819lmAfZMUHErrpe0cEWj3iaefuUODHSU8+UbXy67V/r7/7f4K3FL0NmbD85E+wiFLDYuhP8Zlv0XnVeXshw=="],

    "@oxlint/binding-android-arm64": ["@oxlint/binding-android-arm64@1.78.0", "", { "os": "android", "cpu": "arm64" }, "sha512-CDfxZgB61B7buRdY2FJoAYYPPXCZ1EoC1LKscnC5dg3kjobdxiconvAvvN1BmHyW4PyFT3jRLDag/BY/roSNBQ=="],

    "@oxlint/binding-darwin-arm64": ["@oxlint/binding-darwin-arm64@1.78.0", "", { "os": "darwin", "cpu": "arm64" }, "sha512-2Y2U9Ahrz+OO0Ej88f9SJYq51/jUBp1Mc7iZu0ukrbeeZ3gpRGfzIFnoqfHDY96xr0GEfNrPUBFEy0nN5aD7HA=="],

    "@oxlint/binding-darwin-x64": ["@oxlint/binding-darwin-x64@1.78.0", "", { "os": "darwin", "cpu": "x64" }, "sha512-rpych6eJq6m9jDRypTEaPD1xysaEW5h9+xuxhGK/QhOg+/xaqPZrCrTNoIl/f3nEjuJeCEmstNDlrE9rJi/3/g=="],

    "@oxlint/binding-freebsd-x64": ["@oxlint/binding-freebsd-x64@1.78.0", "", { "os": "freebsd", "cpu": "x64" }, "sha512-IcMGrQT3QizkOESUJd5et+rOhVqSkNDfNik1cvrKDqIbzqx9KMtRswpFgkCuNTSwylCFLKhGUu8KmqY1ZnC0Dg=="],

    "@oxlint/binding-linux-arm-gnueabihf": ["@oxlint/binding-linux-arm-gnueabihf@1.78.0", "", { "os": "linux", "cpu": "arm" }, "sha512-/uLdoJ0IXE6vo/0f0LKjinQAp+re+VMaCWaNT8ENIv2EOCkSsc8SGaflXAuW0Jua2dq5+GLVWm1NQK7P3UFSNQ=="],

    "@oxlint/binding-linux-arm-musleabihf": ["@oxlint/binding-linux-arm-musleabihf@1.78.0", "", { "os": "linux", "cpu": "arm" }, "sha512-7xi4Wb/O8NRJhLoUXmDJMUVpNYvB5kefdhFU1Jb8rtae4QoXlTiLwI14X4YvAXVZLNZChP8m5qO9SQAlWQTbkQ=="],

    "@oxlint/binding-linux-arm64-gnu": ["@oxlint/binding-linux-arm64-gnu@1.78.0", "", { "os": "linux", "cpu": "arm64" }, "sha512-4hFW0+fVXa3OIh1Y4A5SPkmvI4wuuBSrCVKzOyE7PTjhc7yEqZ1pmvEEeS5Lj/MaqvegFxXyF33N+6jkehxdyg=="],

    "@oxlint/binding-linux-arm64-musl": ["@oxlint/binding-linux-arm64-musl@1.78.0", "", { "os": "linux", "cpu": "arm64" }, "sha512-oC0mvsgBJjlMijSDEhx9KuvR9zYeHXceA9MjbuXB1F8NSR78Yj2unOBrstEvTVaq+pko+kuue6DajC00eqvTdg=="],

    "@oxlint/binding-linux-ppc64-gnu": ["@oxlint/binding-linux-ppc64-gnu@1.78.0", "", { "os": "linux", "cpu": "ppc64" }, "sha512-XAllT5SUZS+ohjuZ3/5S0cwe0r7eboiuigeStCZ5DXRYx/2KVM2UvQXvAfyzXEimtQjAB7cDQ2YxDe2Zl2WNQQ=="],

    "@oxlint/binding-linux-riscv64-gnu": ["@oxlint/binding-linux-riscv64-gnu@1.78.0", "", { "os": "linux", "cpu": "none" }, "sha512-trucMER/0QtecoXvc1y/UVqE3kwJipDwrx4oHfj+nNm3dq2zjP44WT0CfHNDPM3G1DXIkx/gY6lAD21NSCZVhA=="],

    "@oxlint/binding-linux-riscv64-musl": ["@oxlint/binding-linux-riscv64-musl@1.78.0", "", { "os": "linux", "cpu": "none" }, "sha512-cm3O4F/HQbdzOUX5mKHqG5KDL6E5w0pnlZ+fbBy2rmLryPOowkuLagFHTopQsEIpjcaZoPOrL+BmmAytAG9HFg=="],

    "@oxlint/binding-linux-s390x-gnu": ["@oxlint/binding-linux-s390x-gnu@1.78.0", "", { "os": "linux", "cpu": "s390x" }, "sha512-33wRf6HqGNsybJ3qX4cGaQN2ODPxNmc1rMa0mrTmx3eFq1VzOnvQooi9bIGVYakW8a/wmqVx1mgsUm8R2xfTiw=="],

    "@oxlint/binding-linux-x64-gnu": ["@oxlint/binding-linux-x64-gnu@1.78.0", "", { "os": "linux", "cpu": "x64" }, "sha512-rRdISSYegj6VganMZ9tjRjijowfHJ09IZU01i0toBAqr6n5LEtwHq2IeS4FjW2RoskOHlb6efB26H5izYb3GEQ=="],

    "@oxlint/binding-linux-x64-musl": ["@oxlint/binding-linux-x64-musl@1.78.0", "", { "os": "linux", "cpu": "x64" }, "sha512-GmsP4rW0xTL6u5CVdcDsaN5Fbc7hBc382Wmar1kttbnwSEviM+rSINKOMQ+UQ6iH+AGwC+8gaAiwu134Tgh6Lg=="],

    "@oxlint/binding-openharmony-arm64": ["@oxlint/binding-openharmony-arm64@1.78.0", "", { "os": "none", "cpu": "arm64" }, "sha512-sy9yeYuADc8a+n4TLBayzMCZiHPW78DcIFVpOXTmdKHWQeM9xe5uzkqIIZmi326D5hY9XVwacipEB1p7tQjPAg=="],

    "@oxlint/binding-win32-arm64-msvc": ["@oxlint/binding-win32-arm64-msvc@1.78.0", "", { "os": "win32", "cpu": "arm64" }, "sha512-rjc2hF1KfMi8fZj1X/m3AmnHbdsF3rL0v6KQg0Uc880Yb2khjz+3U14sfdZ7jWTpRnN1m1NQa/TT7uU9lJWPrA=="],

    "@oxlint/binding-win32-ia32-msvc": ["@oxlint/binding-win32-ia32-msvc@1.78.0", "", { "os": "win32", "cpu": "ia32" }, "sha512-zcuXFVrEFHIafRfkCQT8w/Xe41o07ozl/vwHq7p94vB29xVzsB0sZGYORU1jhcYKv3Lr0J3HbJ2T4fHH5rWmvA=="],

    "@oxlint/binding-win32-x64-msvc": ["@oxlint/binding-win32-x64-msvc@1.78.0", "", { "os": "win32", "cpu": "x64" }, "sha512-Sb5ocmLSuYeOuXd+CFOToGKp/gjXUEWDnvIGwhnh8aq8wY4TMmEnKnvbogSW7RdMZv77JSARduS7/gv+khYEjA=="],

    "@pnpm/deps.graph-sequencer": ["@pnpm/deps.graph-sequencer@1100.0.1", "", {}, "sha512-pOr5+q1fLYKwFN3LAJuGZEnfXDcQ73zqgDHMtGy+K+uIoUqyY+6MeDCWFwfu+4EFuq76I5EPFofoNAI+Bmmq4A=="],

    "@sinonjs/commons": ["@sinonjs/commons@3.0.1", "", { "dependencies": { "type-detect": "4.0.8" } }, "sha512-K3mCHKQ9sVh8o1C9cxkwxaOmXoAMlDxC1mYyHrjqOWEcBjYr76t96zL2zlj5dUGZ3HSw240X1qgH3Mjf1yJWpQ=="],

    "@sinonjs/fake-timers": ["@sinonjs/fake-timers@15.4.0", "", { "dependencies": { "@sinonjs/commons": "^3.0.1" } }, "sha512-DsG+8/LscQIQg68J6Ef3dv10u6nVyetYn923s3/sus5eaGfTo1of5WMZSLf0UJc9KDuKPilPH0UDJCjvNbDNCA=="],

    "@sinonjs/samsam": ["@sinonjs/samsam@10.0.2", "", { "dependencies": { "@sinonjs/commons": "^3.0.1", "type-detect": "^4.1.0" } }, "sha512-8lVwD1Df1BmzoaOLhMcGGcz/Jyr5QY2KSB75/YK1QgKzoabTeLdIVyhXNZK9ojfSKSdirbXqdbsXXqP9/Ve8+A=="],

    "@tsconfig/strictest": ["@tsconfig/strictest@2.0.8", "", {}, "sha512-XnQ7vNz5HRN0r88GYf1J9JJjqtZPiHt2woGJOo2dYqyHGGcd6OLGqSlBB6p1j9mpzja6Oe5BoPqWmeDx6X9rLw=="],

    "@types/node": ["@types/node@22.20.1", "", { "dependencies": { "undici-types": "~6.21.0" } }, "sha512-EANqOCF9QFyra+4pfxUcX9STKJpCLjMbObVzljIJomAWSnuSIEAvyzEU53GaajbXJEgdh0iEcPL+DGvpUd4k1Q=="],

    "@types/sinon": ["@types/sinon@21.0.1", "", { "dependencies": { "@types/sinonjs__fake-timers": "*" } }, "sha512-5yoJSqLbjH8T9V2bksgRayuhpZy+723/z6wBOR+Soe4ZlXC0eW8Na71TeaZPUWDQvM7LYKa9UGFc6LRqxiR5fQ=="],

    "@types/sinonjs__fake-timers": ["@types/sinonjs__fake-timers@15.0.1", "", {}, "sha512-Ko2tjWJq8oozHzHV+reuvS5KYIRAokHnGbDwGh/J64LntgpbuylF74ipEL24HCyRjf9FOlBiBHWBR1RlVKsI1w=="],

    "@typescript/typescript-aix-ppc64": ["@typescript/typescript-aix-ppc64@7.0.2", "", { "os": "aix", "cpu": "ppc64" }, "sha512-MTKKkWB7p/0E9xi1d1tHtZ5PiLkGEMIq88pK2CubZjOsLtYTLqhgIgi6zepFa+9GHZ6h05NMCkQxGKiPXMxXtQ=="],

    "@typescript/typescript-darwin-arm64": ["@typescript/typescript-darwin-arm64@7.0.2", "", { "os": "darwin", "cpu": "arm64" }, "sha512-gowzar9MwS/aRWp6f3a4KUqzRjAZjOsmGNCM6LcTgXum+dBfgsBVMN+AgvOCCbguXyick6LJhpBszxMebJ8syA=="],

    "@typescript/typescript-darwin-x64": ["@typescript/typescript-darwin-x64@7.0.2", "", { "os": "darwin", "cpu": "x64" }, "sha512-SZ9xZInqApNlNGc9s0W1VSsktYSOe9cFqNOIqmN1Gs8SmkjKZYFt017G4VwPxASInODuAdbTW7sXiFUf893RgA=="],

    "@typescript/typescript-freebsd-arm64": ["@typescript/typescript-freebsd-arm64@7.0.2", "", { "os": "freebsd", "cpu": "arm64" }, "sha512-W5NH4y/J0plIIS5b2xvTEkU7JFxyqdMAOgf+Ilhl0vHQXKO5dZoxd+C/jEtq56c4F3wk71RB4BMRQ2XdI+bwYQ=="],

    "@typescript/typescript-freebsd-x64": ["@typescript/typescript-freebsd-x64@7.0.2", "", { "os": "freebsd", "cpu": "x64" }, "sha512-UMGDx5sTpzNw3WiPebH7l90IWfJggEd+egHt/q6p7/Cm3zqoV7VxkGXt+3DxPIw8CcmvAB0j3sVVfbhX+M4Tpw=="],

    "@typescript/typescript-linux-arm": ["@typescript/typescript-linux-arm@7.0.2", "", { "os": "linux", "cpu": "arm" }, "sha512-gffT3xPz9sR7j/YJExkyPntrI0P2EP9XbOyWzth2/Gs0RstK+90RBcO0ncXoXy/beYll1SXw846Nf2zdnEz0QQ=="],

    "@typescript/typescript-linux-arm64": ["@typescript/typescript-linux-arm64@7.0.2", "", { "os": "linux", "cpu": "arm64" }, "sha512-Qh4eU4/y3yDjnfjjyPYihMj5/ODIlmt+Bzu17OI+fiSRDW57QmU5SiN63exPRNJPKUzcc1INa1NXdrJ+MqHjUQ=="],

    "@typescript/typescript-linux-loong64": ["@typescript/typescript-linux-loong64@7.0.2", "", { "os": "linux", "cpu": "none" }, "sha512-uEHck9i8hoAzXPiYRib1O7miOnz23SxIeVl6F4LXox+qov1K35jHcEW6VHKvZI+pyvl7fZEP4MCU5LYvIq1GuQ=="],

    "@typescript/typescript-linux-mips64el": ["@typescript/typescript-linux-mips64el@7.0.2", "", { "os": "linux", "cpu": "none" }, "sha512-R4KvAMnE43W5Qeqb0Ly56O3mWMWIAgsMyz36DCaycd5nbg/9kzm0liw3JocfRqyJY0KPmzFjbswozXyW0DnIYA=="],

    "@typescript/typescript-linux-ppc64": ["@typescript/typescript-linux-ppc64@7.0.2", "", { "os": "linux", "cpu": "ppc64" }, "sha512-DORx5b3sd/4S7eayxm4FQv+A7CrkUIGRaHiwI8oiHTAI1fAPWhF4J0vAlkC8biAlHSVVwxMQ3tjZ2/DVbnQiiA=="],

    "@typescript/typescript-linux-riscv64": ["@typescript/typescript-linux-riscv64@7.0.2", "", { "os": "linux", "cpu": "none" }, "sha512-wf0jqEDOjrPRnKwYRyyJDRo11KMbvMFrU+q4zqKyChODBzvlkbhNQfKvLxQCcwTpdDaXSHZTVuh0JoCrKCUMHQ=="],

    "@typescript/typescript-linux-s390x": ["@typescript/typescript-linux-s390x@7.0.2", "", { "os": "linux", "cpu": "s390x" }, "sha512-IkwJc3L7yhytWd/ewjyxNDfOmswCm9GWMJT/ue/dU4aZNbwZeYAetq42VyLmsmSjvoX7z74X6ZaYCtzAr0EuGw=="],

    "@typescript/typescript-linux-x64": ["@typescript/typescript-linux-x64@7.0.2", "", { "os": "linux", "cpu": "x64" }, "sha512-EYdf2cNg7rgCWJnxCdJ+F3V39O8ihb37eHAu1LK8oAFizgTQbPOK7zHHXbPt8rX24COqODXeI3sIf0fCXG7H/A=="],

    "@typescript/typescript-netbsd-arm64": ["@typescript/typescript-netbsd-arm64@7.0.2", "", { "os": "none", "cpu": "arm64" }, "sha512-+polYF4MF04aPpO5FTkHran9yUQDSXqy5GiSDKpsll5jy3l3+g9QLhpf39T+ePtefhXLOGrLl0QIjkQP6VnelA=="],

    "@typescript/typescript-netbsd-x64": ["@typescript/typescript-netbsd-x64@7.0.2", "", { "os": "none", "cpu": "x64" }, "sha512-8YIT0EHM/3dq10ZOVF/A7pc/YSMtbcecct4rWtexrnSCHOPcpC2KTLXfTCR6vDpnSiY12heNb1GiN/wu+T/FyA=="],

    "@typescript/typescript-openbsd-arm64": ["@typescript/typescript-openbsd-arm64@7.0.2", "", { "os": "openbsd", "cpu": "arm64" }, "sha512-APT8+ClYnuYm1u9+kgGXoMj2VzWzcymwh2gNSQVySHfkRDGOTVkoWLjCmOQSaO+PoqQ57B0flRp9SA+7GnnkzQ=="],

    "@typescript/typescript-openbsd-x64": ["@typescript/typescript-openbsd-x64@7.0.2", "", { "os": "openbsd", "cpu": "x64" }, "sha512-yX7s+Q0Dln0Dt9tEzZsAjXXR/+ytBM7AlglaqyeMPxQszJ1JhlJdZ6jLA+IzldHtflX81em7lDao1xXu+aRRkg=="],

    "@typescript/typescript-sunos-x64": ["@typescript/typescript-sunos-x64@7.0.2", "", { "os": "sunos", "cpu": "x64" }, "sha512-dLJDGaLZ1D4HPQn62u1n8mBDkJREwMsAkCdkwd4Ieqw+x3TUyTsqY0YiBCtE6H6OzzgGk3iuZ3vFWRS+E8/d1g=="],

    "@typescript/typescript-win32-arm64": ["@typescript/typescript-win32-arm64@7.0.2", "", { "os": "win32", "cpu": "arm64" }, "sha512-Gyl1Vy6OsWesLzmq+EP0Fb7b4Nid5232AvcA2SFcdYreldpNtYFFofPjnt62y9hQy7VTaZp65ICJjuAQRaVcIQ=="],

    "@typescript/typescript-win32-x64": ["@typescript/typescript-win32-x64@7.0.2", "", { "os": "win32", "cpu": "x64" }, "sha512-0BQ3HkAHHlKLSp1qRvf3SUhGpGsDuhB/jgFw75guyqbxJqEaS0Cw/VFO8i2nHglJUzQCRtMMR/IBAKE3ETMC4g=="],

    "cac": ["cac@7.0.0", "", {}, "sha512-tixWYgm5ZoOD+3g6UTea91eow5z6AAHaho3g0V9CNSNb45gM8SmflpAc+GRd1InC4AqN/07Unrgp56Y94N9hJQ=="],

    "dataloader": ["dataloader@2.2.3", "", {}, "sha512-y2krtASINtPFS1rSDjacrFgn1dcUuoREVabwlOGOe4SdxenREqwjwjElAdwvbGM7kgZz9a3KVicWR7vcz8rnzA=="],

    "diff": ["diff@9.0.0", "", {}, "sha512-svtcdpS8CgJyqAjEQIXdb3OjhFVVYjzGAPO8WGCmRbrml64SPw/jJD4GoE98aR7r25A0XcgrK3F02yw9R/vhQw=="],

    "esbuild": ["esbuild@0.28.2", "", { "optionalDependencies": { "@esbuild/aix-ppc64": "0.28.2", "@esbuild/android-arm": "0.28.2", "@esbuild/android-arm64": "0.28.2", "@esbuild/android-x64": "0.28.2", "@esbuild/darwin-arm64": "0.28.2", "@esbuild/darwin-x64": "0.28.2", "@esbuild/freebsd-arm64": "0.28.2", "@esbuild/freebsd-x64": "0.28.2", "@esbuild/linux-arm": "0.28.2", "@esbuild/linux-arm64": "0.28.2", "@esbuild/linux-ia32": "0.28.2", "@esbuild/linux-loong64": "0.28.2", "@esbuild/linux-mips64el": "0.28.2", "@esbuild/linux-ppc64": "0.28.2", "@esbuild/linux-riscv64": "0.28.2", "@esbuild/linux-s390x": "0.28.2", "@esbuild/linux-x64": "0.28.2", "@esbuild/netbsd-arm64": "0.28.2", "@esbuild/netbsd-x64": "0.28.2", "@esbuild/openbsd-arm64": "0.28.2", "@esbuild/openbsd-x64": "0.28.2", "@esbuild/openharmony-arm64": "0.28.2", "@esbuild/sunos-x64": "0.28.2", "@esbuild/win32-arm64": "0.28.2", "@esbuild/win32-ia32": "0.28.2", "@esbuild/win32-x64": "0.28.2" }, "bin": "bin/esbuild" }, "sha512-HKVLS8dvII+xoKW9kmqxbRKrnWEXfJJr/FZhhJmiqIB0e053QNYFqOBouTMO/k5sID4MvCiUCvv8b9M4h32wIA=="],

    "eventsource-encoder": ["eventsource-encoder@1.0.2", "", {}, "sha512-iG7mY5LhweLKpgxQ+YdW7Y6YjBgRzGMrKlXzeUpm0VtJpdeag32Q/DMQ11HAT7kO9Jx8dreUL5SHGl6KAGJ9Lg=="],

    "eventsource-parser": ["eventsource-parser@4.0.0", "", {}, "sha512-aIpvYxbqTx4KYWw73KpCt1Rh22tEAJ144F1qR76CT3Ex+LNMEPKf5HFrK5Yz9fMP1EVT0GrfA35VZvWQhMPuSQ=="],

    "fast-string-truncated-width": ["fast-string-truncated-width@3.0.3", "", {}, "sha512-0jjjIEL6+0jag3l2XWWizO64/aZVtpiGE3t0Zgqxv0DPuxiMjvB3M24fCyhZUO4KomJQPj3LTSUnDP3GpdwC0g=="],

    "fast-string-width": ["fast-string-width@3.0.2", "", { "dependencies": { "fast-string-truncated-width": "^3.0.2" } }, "sha512-gX8LrtNEI5hq8DVUfRQMbr5lpaS4nMIWV+7XEbXk2b8kiQIizgnlr12B4dA3ZEx3308ze0O4Q1R+cHts8kyUJg=="],

    "fast-wrap-ansi": ["fast-wrap-ansi@0.2.2", "", { "dependencies": { "fast-string-width": "^3.0.2" } }, "sha512-7F2Fl+TjRSenLqlU3UjSH0iyqopqoZIu7eZVpEirP2g1GtWa2G/ecEmBdgz31+Mxr+ELclgg6sokpSFIQiZ02Q=="],

    "fdir": ["fdir@6.5.0", "", { "peerDependencies": { "picomatch": "^3 || ^4" }, "optionalPeers": ["picomatch"] }, "sha512-tIbYtZbucOs0BRGqPJkshJUYdL+SDH7dVM8gjy+ERp3WAUjLEFJE+02kanyHtwjWOnwrKYBiwAmM0p4kLJAnXg=="],

    "fsevents": ["fsevents@2.3.2", "", { "os": "darwin" }, "sha512-xiqMQR4xAeHTuB9uWm+fFRcIOgKBMiOBP+eXiyT7jsgVCq1bkVygt00oASowB7EdtpOHaaPgKt812P9ab+DDKA=="],

    "human-id": ["human-id@4.2.0", "", { "bin": "dist/cli.js" }, "sha512-K3GbkIWqyvvlpfhBPlbEvD97TtqBpAYA4kt+cn2lD2x2HuohzZCibcA2nOlnJT6exqvJLggoB5nv2dNf192nEA=="],

    "import-meta-resolve": ["import-meta-resolve@4.2.0", "", {}, "sha512-Iqv2fzaTQN28s/FwZAoFq0ZSs/7hMAHJVX+w8PZl3cY19Pxk6jFFalxQoIfW2826i/fDLXv8IiEZRIT0lDuWcg=="],

    "jju": ["jju@1.4.0", "", {}, "sha512-8wb9Yw966OSxApiCt0K3yNJL8pnNeIv+OEq2YMidz4FKP6nonSRoOXc80iXY4JaN2FC11B9qsNmDsm+ZOfMROA=="],

    "jsonc-parser": ["jsonc-parser@3.3.1", "", {}, "sha512-HUgH65KyejrUFPvHFPbqOY0rsFip3Bo5wb4ngvdi1EpCYWUQDC5V+Y7mZws+DLkr4M//zQJoanu1SP+87Dv1oQ=="],

    "launch-editor": ["launch-editor@2.14.1", "", { "dependencies": { "picocolors": "^1.1.1", "shell-quote": "^1.8.4" } }, "sha512-QWBrQsMpH7gPr965dsKD/3cKWiNoTjpATQf++Xq63N6sKRGMwlVXz41O1IZTMfZQgBctD/K5Zt06+/I6pP6+HA=="],

    "oxfmt": ["oxfmt@0.52.0", "", { "dependencies": { "tinypool": "2.1.0" }, "optionalDependencies": { "@oxfmt/binding-android-arm-eabi": "0.52.0", "@oxfmt/binding-android-arm64": "0.52.0", "@oxfmt/binding-darwin-arm64": "0.52.0", "@oxfmt/binding-darwin-x64": "0.52.0", "@oxfmt/binding-freebsd-x64": "0.52.0", "@oxfmt/binding-linux-arm-gnueabihf": "0.52.0", "@oxfmt/binding-linux-arm-musleabihf": "0.52.0", "@oxfmt/binding-linux-arm64-gnu": "0.52.0", "@oxfmt/binding-linux-arm64-musl": "0.52.0", "@oxfmt/binding-linux-ppc64-gnu": "0.52.0", "@oxfmt/binding-linux-riscv64-gnu": "0.52.0", "@oxfmt/binding-linux-riscv64-musl": "0.52.0", "@oxfmt/binding-linux-s390x-gnu": "0.52.0", "@oxfmt/binding-linux-x64-gnu": "0.52.0", "@oxfmt/binding-linux-x64-musl": "0.52.0", "@oxfmt/binding-openharmony-arm64": "0.52.0", "@oxfmt/binding-win32-arm64-msvc": "0.52.0", "@oxfmt/binding-win32-ia32-msvc": "0.52.0", "@oxfmt/binding-win32-x64-msvc": "0.52.0" }, "peerDependencies": { "svelte": "^5.0.0", "vite-plus": "*" }, "optionalPeers": ["svelte", "vite-plus"], "bin": "bin/oxfmt" }, "sha512-nJlYM35F64zTDMecCNhoHNkf+D/eHv7xcjj9XDSj+bFAVtN93m7v8DQMdHd6nDG6Akf/kEYYHmDUBs2Dz27Sug=="],

    "oxlint": ["oxlint@1.78.0", "", { "optionalDependencies": { "@oxlint/binding-android-arm-eabi": "1.78.0", "@oxlint/binding-android-arm64": "1.78.0", "@oxlint/binding-darwin-arm64": "1.78.0", "@oxlint/binding-darwin-x64": "1.78.0", "@oxlint/binding-freebsd-x64": "1.78.0", "@oxlint/binding-linux-arm-gnueabihf": "1.78.0", "@oxlint/binding-linux-arm-musleabihf": "1.78.0", "@oxlint/binding-linux-arm64-gnu": "1.78.0", "@oxlint/binding-linux-arm64-musl": "1.78.0", "@oxlint/binding-linux-ppc64-gnu": "1.78.0", "@oxlint/binding-linux-riscv64-gnu": "1.78.0", "@oxlint/binding-linux-riscv64-musl": "1.78.0", "@oxlint/binding-linux-s390x-gnu": "1.78.0", "@oxlint/binding-linux-x64-gnu": "1.78.0", "@oxlint/binding-linux-x64-musl": "1.78.0", "@oxlint/binding-openharmony-arm64": "1.78.0", "@oxlint/binding-win32-arm64-msvc": "1.78.0", "@oxlint/binding-win32-ia32-msvc": "1.78.0", "@oxlint/binding-win32-x64-msvc": "1.78.0" }, "peerDependencies": { "oxlint-tsgolint": ">=7.0.2001", "vite-plus": "*" }, "optionalPeers": ["oxlint-tsgolint", "vite-plus"], "bin": "bin/oxlint" }, "sha512-QgQePuxIqKOzo1KSjG2EnITEeWvWnKAm77eq8nrMtf6AGoA+zyGc4PFYtDNJSD25g/ibOwfQ851hZ4/SPkMVoA=="],

    "package-manager-detector": ["package-manager-detector@1.8.0", "", {}, "sha512-yQA4H19AmPEoMUeavPMDIe1higySl/gH/yaQrkT/s07Qp+7pp2hYz30N3z2l5BkjVkF9Ow6o0wjJamm2y7Sn0A=="],

    "picocolors": ["picocolors@1.1.1", "", {}, "sha512-xceH2snhtb5M9liqDsmEw56le376mTZkEX/jEb/RxNFyegNul7eNslCXP9FDj/Lcu0X8KEyMceP2ntpaHrDEVA=="],

    "picomatch": ["picomatch@4.0.5", "", {}, "sha512-RvwwcruNjI1ncT5xRakeyS9Lf8lcItv34KD+aif+VH9kduAyfYBipGh12274xtenIPZ119/R9BdTBa8gAwSh0A=="],

    "playwright": ["playwright@1.62.1", "", { "dependencies": { "playwright-core": "1.62.1" }, "optionalDependencies": { "fsevents": "2.3.2" }, "bin": "cli.js" }, "sha512-0M+L3LAD8/nm554LOla9Ayx0j0tmFZ0FBcoQ7F1VuVHpM/XpiC8RcDzBQB8W5+hA8L22THxELzeF+2WcUzvcLg=="],

    "playwright-core": ["playwright-core@1.62.1", "", { "bin": "cli.js" }, "sha512-wPYSwEBJY9GHraISXqyqtx0na0LpO3XEX7jNDhntbex7tzUS7kLnZsOlFruFJB4Hi/rhDMjXGqHewDZ68nYZVw=="],

    "semver": ["semver@7.8.5", "", { "bin": "bin/semver.js" }, "sha512-Y7/KDsb8LjooZpwaqGyulO6DQlksgCncchHGk+sZIY4SBvUocMBEFH5Ur1fI4dV+Jvl0w6cjvucaIi40puRioA=="],

    "shell-quote": ["shell-quote@1.10.0", "", {}, "sha512-w1aiOKwKuRgtwAReIIj89puqg+I7GvX4IbLrvmhXbzQsj1+Zwi4VO3+fa6ZF91TWSjIxoEkKnMeHcLEODK5ZXA=="],

    "sinon": ["sinon@22.1.0", "", { "dependencies": { "@sinonjs/commons": "^3.0.1", "@sinonjs/fake-timers": "^15.4.0", "@sinonjs/samsam": "^10.0.2", "diff": "^9.0.0" } }, "sha512-n1ajF2rBWMTtEwbKcw4UdFg4nCnDdq/U6RDoxtOd7oapOlRoJ5ynwFx60owROyhDpA9QhMZi0pCO/xtmwFjG7w=="],

    "sisteransi": ["sisteransi@1.0.5", "", {}, "sha512-bLGGlR1QxBcynn2d5YmDX4MGjlZvy2MRBDRNHLJ8VI6l6+9FUiyTFNJ0IveOSP0bcXgVDPRcfGqA0pjaqUpfVg=="],

    "tinyexec": ["tinyexec@1.3.0", "", {}, "sha512-QKAl9m8gWWGHV8jZcPeym6j+XULi6tOf1mT83WYJ4Lk2ytW/uwAWkrP0uFsdoYMdueVJ0qs26wZ+23xeB4ibNQ=="],

    "tinyglobby": ["tinyglobby@0.2.17", "", { "dependencies": { "fdir": "^6.5.0", "picomatch": "^4.0.4" } }, "sha512-wXR/dYpcqKmfWpEdZjiKJOwCNFndD0DMnrW/cYjVGttEkBfVgcLFHoNrlj47mjOVic9yyNu65alsgF4NQyTa2g=="],

    "tinypool": ["tinypool@2.1.0", "", {}, "sha512-Pugqs6M0m7Lv1I7FtxN4aoyToKg1C4tu+/381vH35y8oENM/Ai7f7C4StcoK4/+BSw9ebcS8jRiVrORFKCALLw=="],

    "type-detect": ["type-detect@4.0.8", "", {}, "sha512-0fr/mIH1dlO+x7TlcMy+bIDqKPsw/70tVyeHW787goQjhmqaZe10uwLujubK9q9Lg6Fiho1KUKDYz0Z7k7g5/g=="],

    "typescript": ["typescript@7.0.2", "", { "optionalDependencies": { "@typescript/typescript-aix-ppc64": "7.0.2", "@typescript/typescript-darwin-arm64": "7.0.2", "@typescript/typescript-darwin-x64": "7.0.2", "@typescript/typescript-freebsd-arm64": "7.0.2", "@typescript/typescript-freebsd-x64": "7.0.2", "@typescript/typescript-linux-arm": "7.0.2", "@typescript/typescript-linux-arm64": "7.0.2", "@typescript/typescript-linux-loong64": "7.0.2", "@typescript/typescript-linux-mips64el": "7.0.2", "@typescript/typescript-linux-ppc64": "7.0.2", "@typescript/typescript-linux-riscv64": "7.0.2", "@typescript/typescript-linux-s390x": "7.0.2", "@typescript/typescript-linux-x64": "7.0.2", "@typescript/typescript-netbsd-arm64": "7.0.2", "@typescript/typescript-netbsd-x64": "7.0.2", "@typescript/typescript-openbsd-arm64": "7.0.2", "@typescript/typescript-openbsd-x64": "7.0.2", "@typescript/typescript-sunos-x64": "7.0.2", "@typescript/typescript-win32-arm64": "7.0.2", "@typescript/typescript-win32-x64": "7.0.2" }, "bin": { "tsc": "bin/tsc" } }, "sha512-8FYau96o3NKOhbjKi/qNvG/W5jhzxkbdm5sj9AbZ/5T5sWqn3hJgLfGx27sRKZWTvyzCP8dLRBTf5tBTSRVUNA=="],

    "undici": ["undici@7.29.0", "", {}, "sha512-IDxfleLmmbSskfWSUATiN1nfn2rDuvnMOqb5CWR92iIfojA0Ud+ulOAAEQ57LPr9rWmsreUyf5lwyao+7GNNVw=="],

    "undici-types": ["undici-types@6.21.0", "", {}, "sha512-iwDZqg0QAGrg9Rav5H4n0M64c3mkR59cJ6wQp+7C4nI0gsmExaedaYLNO44eT4AtBBwjbTiGPMlt2Md0T9H9JQ=="],

    "yaml": ["yaml@2.9.0", "", { "bin": { "yaml": "bin.mjs" } }, "sha512-2AvhNX3mb8zd6Zy7INTtSpl1F15HW6Wnqj0srWlkKLcpYl/gMIMJiyuGq2KeI2YFxUPjdlB+3Lc10seMLtL4cA=="],

    "@sinonjs/samsam/type-detect": ["type-detect@4.1.0", "", {}, "sha512-Acylog8/luQ8L7il+geoSxhEkazvkslg7PSNKOX59mbB9cOveP5aq9h74Y7YU8yDpJwetzQQrfIwtf4Wp4LKcw=="],
  }
}
